PODS:
  - Alamofire (4.5.1)
  - SnapKit (3.2.0)

DEPENDENCIES:
  - Alamofire (~> 4.5.0)
  - SnapKit (= 3.2.0)

SPEC CHECKSUMS:
  Alamofire: 2d95912bf4c34f164fdfc335872e8c312acaea4a
  SnapKit: 1ca44df72cfa543218d177cb8aab029d10d86ea7

PODFILE CHECKSUM: d79e6012e3c867a1f74ff013df086d72752e16a7

COCOAPODS: 1.3.1
