// !$*UTF8*$!
{
	archiveVersion = 1;
	classes = {
	};
	objectVersion = 46;
	objects = {

/* Begin PBXBuildFile section */
		015522901F45CBE900C16EA0 /* ClassAndStruct.swift in Sources */ = {isa = PBXBuildFile; fileRef = 0155228F1F45CBE900C16EA0 /* ClassAndStruct.swift */; };
		015522921F45CE7700C16EA0 /* BaseController.swift in Sources */ = {isa = PBXBuildFile; fileRef = 015522911F45CE7700C16EA0 /* BaseController.swift */; };
		01792CEF1F4DC164003B22F9 /* ARC.swift in Sources */ = {isa = PBXBuildFile; fileRef = 01792CEE1F4DC164003B22F9 /* ARC.swift */; };
		01EA73531F3D4B5E003A92F6 /* AppDelegate.swift in Sources */ = {isa = PBXBuildFile; fileRef = 01EA73521F3D4B5E003A92F6 /* AppDelegate.swift */; };
		01EA73551F3D4B5E003A92F6 /* ViewController.swift in Sources */ = {isa = PBXBuildFile; fileRef = 01EA73541F3D4B5E003A92F6 /* ViewController.swift */; };
		01EA73581F3D4B5E003A92F6 /* Main.storyboard in Resources */ = {isa = PBXBuildFile; fileRef = 01EA73561F3D4B5E003A92F6 /* Main.storyboard */; };
		01EA735A1F3D4B5E003A92F6 /* Assets.xcassets in Resources */ = {isa = PBXBuildFile; fileRef = 01EA73591F3D4B5E003A92F6 /* Assets.xcassets */; };
		01EA735D1F3D4B5E003A92F6 /* LaunchScreen.storyboard in Resources */ = {isa = PBXBuildFile; fileRef = 01EA735B1F3D4B5E003A92F6 /* LaunchScreen.storyboard */; };
		01EA73681F3D4B5E003A92F6 /* StruggleSwiftTests.swift in Sources */ = {isa = PBXBuildFile; fileRef = 01EA73671F3D4B5E003A92F6 /* StruggleSwiftTests.swift */; };
		01EA73731F3D4B5E003A92F6 /* StruggleSwiftUITests.swift in Sources */ = {isa = PBXBuildFile; fileRef = 01EA73721F3D4B5E003A92F6 /* StruggleSwiftUITests.swift */; };
		01EA73851F3D4D41003A92F6 /* RootViewController.swift in Sources */ = {isa = PBXBuildFile; fileRef = 01EA73841F3D4D41003A92F6 /* RootViewController.swift */; };
		01EB1E401F474E0100418E37 /* Properties.swift in Sources */ = {isa = PBXBuildFile; fileRef = 01EB1E3F1F474E0100418E37 /* Properties.swift */; };
		01EB1E431F47F6A600418E37 /* Methods.swift in Sources */ = {isa = PBXBuildFile; fileRef = 01EB1E421F47F6A600418E37 /* Methods.swift */; };
		01EB1E451F4846A400418E37 /* AffiliatedScript.swift in Sources */ = {isa = PBXBuildFile; fileRef = 01EB1E441F4846A400418E37 /* AffiliatedScript.swift */; };
		01EB1E471F4856E500418E37 /* Enumeration.swift in Sources */ = {isa = PBXBuildFile; fileRef = 01EB1E461F4856E500418E37 /* Enumeration.swift */; };
		01EFB5201F4490DE000121A9 /* chat.png in Resources */ = {isa = PBXBuildFile; fileRef = 01EFB51F1F4490DE000121A9 /* chat.png */; };
		01F64D461F3FE1C9004F8B2C /* LayoutViewController.m in Sources */ = {isa = PBXBuildFile; fileRef = 01F64D451F3FE1C9004F8B2C /* LayoutViewController.m */; };
		01F64D491F3FE2E0004F8B2C /* TestView.m in Sources */ = {isa = PBXBuildFile; fileRef = 01F64D481F3FE2E0004F8B2C /* TestView.m */; };
		01F64D4F1F405159004F8B2C /* TheBasics.swift in Sources */ = {isa = PBXBuildFile; fileRef = 01F64D4E1F405159004F8B2C /* TheBasics.swift */; };
		01F64D531F4082E7004F8B2C /* Closures.swift in Sources */ = {isa = PBXBuildFile; fileRef = 01F64D521F4082E7004F8B2C /* Closures.swift */; };
		F69377A6478E57A2E6B16EF5 /* Pods_StruggleSwift.framework in Frameworks */ = {isa = PBXBuildFile; fileRef = 620F37946A2B1B1B154B5E1F /* Pods_StruggleSwift.framework */; };
/* End PBXBuildFile section */

/* Begin PBXContainerItemProxy section */
		01EA73641F3D4B5E003A92F6 /* PBXContainerItemProxy */ = {
			isa = PBXContainerItemProxy;
			containerPortal = 01EA73471F3D4B5E003A92F6 /* Project object */;
			proxyType = 1;
			remoteGlobalIDString = 01EA734E1F3D4B5E003A92F6;
			remoteInfo = StruggleSwift;
		};
		01EA736F1F3D4B5E003A92F6 /* PBXContainerItemProxy */ = {
			isa = PBXContainerItemProxy;
			containerPortal = 01EA73471F3D4B5E003A92F6 /* Project object */;
			proxyType = 1;
			remoteGlobalIDString = 01EA734E1F3D4B5E003A92F6;
			remoteInfo = StruggleSwift;
		};
/* End PBXContainerItemProxy section */

/* Begin PBXFileReference section */
		0155228F1F45CBE900C16EA0 /* ClassAndStruct.swift */ = {isa = PBXFileReference; fileEncoding = 4; lastKnownFileType = sourcecode.swift; path = ClassAndStruct.swift; sourceTree = "<group>"; };
		015522911F45CE7700C16EA0 /* BaseController.swift */ = {isa = PBXFileReference; fileEncoding = 4; lastKnownFileType = sourcecode.swift; path = BaseController.swift; sourceTree = "<group>"; };
		01792CEE1F4DC164003B22F9 /* ARC.swift */ = {isa = PBXFileReference; fileEncoding = 4; lastKnownFileType = sourcecode.swift; path = ARC.swift; sourceTree = "<group>"; };
		01EA734F1F3D4B5E003A92F6 /* StruggleSwift.app */ = {isa = PBXFileReference; explicitFileType = wrapper.application; includeInIndex = 0; path = StruggleSwift.app; sourceTree = BUILT_PRODUCTS_DIR; };
		01EA73521F3D4B5E003A92F6 /* AppDelegate.swift */ = {isa = PBXFileReference; lastKnownFileType = sourcecode.swift; path = AppDelegate.swift; sourceTree = "<group>"; };
		01EA73541F3D4B5E003A92F6 /* ViewController.swift */ = {isa = PBXFileReference; lastKnownFileType = sourcecode.swift; path = ViewController.swift; sourceTree = "<group>"; };
		01EA73571F3D4B5E003A92F6 /* Base */ = {isa = PBXFileReference; lastKnownFileType = file.storyboard; name = Base; path = Base.lproj/Main.storyboard; sourceTree = "<group>"; };
		01EA73591F3D4B5E003A92F6 /* Assets.xcassets */ = {isa = PBXFileReference; lastKnownFileType = folder.assetcatalog; path = Assets.xcassets; sourceTree = "<group>"; };
		01EA735C1F3D4B5E003A92F6 /* Base */ = {isa = PBXFileReference; lastKnownFileType = file.storyboard; name = Base; path = Base.lproj/LaunchScreen.storyboard; sourceTree = "<group>"; };
		01EA735E1F3D4B5E003A92F6 /* Info.plist */ = {isa = PBXFileReference; lastKnownFileType = text.plist.xml; path = Info.plist; sourceTree = "<group>"; };
		01EA73631F3D4B5E003A92F6 /* StruggleSwiftTests.xctest */ = {isa = PBXFileReference; explicitFileType = wrapper.cfbundle; includeInIndex = 0; path = StruggleSwiftTests.xctest; sourceTree = BUILT_PRODUCTS_DIR; };
		01EA73671F3D4B5E003A92F6 /* StruggleSwiftTests.swift */ = {isa = PBXFileReference; lastKnownFileType = sourcecode.swift; path = StruggleSwiftTests.swift; sourceTree = "<group>"; };
		01EA73691F3D4B5E003A92F6 /* Info.plist */ = {isa = PBXFileReference; lastKnownFileType = text.plist.xml; path = Info.plist; sourceTree = "<group>"; };
		01EA736E1F3D4B5E003A92F6 /* StruggleSwiftUITests.xctest */ = {isa = PBXFileReference; explicitFileType = wrapper.cfbundle; includeInIndex = 0; path = StruggleSwiftUITests.xctest; sourceTree = BUILT_PRODUCTS_DIR; };
		01EA73721F3D4B5E003A92F6 /* StruggleSwiftUITests.swift */ = {isa = PBXFileReference; lastKnownFileType = sourcecode.swift; path = StruggleSwiftUITests.swift; sourceTree = "<group>"; };
		01EA73741F3D4B5E003A92F6 /* Info.plist */ = {isa = PBXFileReference; lastKnownFileType = text.plist.xml; path = Info.plist; sourceTree = "<group>"; };
		01EA73801F3D4D10003A92F6 /* StruggleSwift-Bridging-Header.h */ = {isa = PBXFileReference; lastKnownFileType = sourcecode.c.h; path = "StruggleSwift-Bridging-Header.h"; sourceTree = "<group>"; };
		01EA73841F3D4D41003A92F6 /* RootViewController.swift */ = {isa = PBXFileReference; fileEncoding = 4; lastKnownFileType = sourcecode.swift; path = RootViewController.swift; sourceTree = "<group>"; };
		01EB1E3F1F474E0100418E37 /* Properties.swift */ = {isa = PBXFileReference; fileEncoding = 4; lastKnownFileType = sourcecode.swift; path = Properties.swift; sourceTree = "<group>"; };
		01EB1E421F47F6A600418E37 /* Methods.swift */ = {isa = PBXFileReference; fileEncoding = 4; lastKnownFileType = sourcecode.swift; path = Methods.swift; sourceTree = "<group>"; };
		01EB1E441F4846A400418E37 /* AffiliatedScript.swift */ = {isa = PBXFileReference; fileEncoding = 4; lastKnownFileType = sourcecode.swift; path = AffiliatedScript.swift; sourceTree = "<group>"; };
		01EB1E461F4856E500418E37 /* Enumeration.swift */ = {isa = PBXFileReference; fileEncoding = 4; lastKnownFileType = sourcecode.swift; path = Enumeration.swift; sourceTree = "<group>"; };
		01EFB51F1F4490DE000121A9 /* chat.png */ = {isa = PBXFileReference; lastKnownFileType = image.png; path = chat.png; sourceTree = "<group>"; };
		01F64D441F3FE1C9004F8B2C /* LayoutViewController.h */ = {isa = PBXFileReference; fileEncoding = 4; lastKnownFileType = sourcecode.c.h; path = LayoutViewController.h; sourceTree = "<group>"; };
		01F64D451F3FE1C9004F8B2C /* LayoutViewController.m */ = {isa = PBXFileReference; fileEncoding = 4; lastKnownFileType = sourcecode.c.objc; path = LayoutViewController.m; sourceTree = "<group>"; };
		01F64D471F3FE2E0004F8B2C /* TestView.h */ = {isa = PBXFileReference; fileEncoding = 4; lastKnownFileType = sourcecode.c.h; path = TestView.h; sourceTree = "<group>"; };
		01F64D481F3FE2E0004F8B2C /* TestView.m */ = {isa = PBXFileReference; fileEncoding = 4; lastKnownFileType = sourcecode.c.objc; path = TestView.m; sourceTree = "<group>"; };
		01F64D4E1F405159004F8B2C /* TheBasics.swift */ = {isa = PBXFileReference; fileEncoding = 4; lastKnownFileType = sourcecode.swift; path = TheBasics.swift; sourceTree = "<group>"; };
		01F64D521F4082E7004F8B2C /* Closures.swift */ = {isa = PBXFileReference; fileEncoding = 4; lastKnownFileType = sourcecode.swift; path = Closures.swift; sourceTree = "<group>"; };
		23D2F86C8C3A7123491CE3CA /* Pods-StruggleSwift.debug.xcconfig */ = {isa = PBXFileReference; includeInIndex = 1; lastKnownFileType = text.xcconfig; name = "Pods-StruggleSwift.debug.xcconfig"; path = "Pods/Target Support Files/Pods-StruggleSwift/Pods-StruggleSwift.debug.xcconfig"; sourceTree = "<group>"; };
		2809A0C99C9AD5265B888182 /* Pods-StruggleSwift.release.xcconfig */ = {isa = PBXFileReference; includeInIndex = 1; lastKnownFileType = text.xcconfig; name = "Pods-StruggleSwift.release.xcconfig"; path = "Pods/Target Support Files/Pods-StruggleSwift/Pods-StruggleSwift.release.xcconfig"; sourceTree = "<group>"; };
		620F37946A2B1B1B154B5E1F /* Pods_StruggleSwift.framework */ = {isa = PBXFileReference; explicitFileType = wrapper.framework; includeInIndex = 0; path = Pods_StruggleSwift.framework; sourceTree = BUILT_PRODUCTS_DIR; };
/* End PBXFileReference section */

/* Begin PBXFrameworksBuildPhase section */
		01EA734C1F3D4B5E003A92F6 /* Frameworks */ = {
			isa = PBXFrameworksBuildPhase;
			buildActionMask = 2147483647;
			files = (
				F69377A6478E57A2E6B16EF5 /* Pods_StruggleSwift.framework in Frameworks */,
			);
			runOnlyForDeploymentPostprocessing = 0;
		};
		01EA73601F3D4B5E003A92F6 /* Frameworks */ = {
			isa = PBXFrameworksBuildPhase;
			buildActionMask = 2147483647;
			files = (
			);
			runOnlyForDeploymentPostprocessing = 0;
		};
		01EA736B1F3D4B5E003A92F6 /* Frameworks */ = {
			isa = PBXFrameworksBuildPhase;
			buildActionMask = 2147483647;
			files = (
			);
			runOnlyForDeploymentPostprocessing = 0;
		};
/* End PBXFrameworksBuildPhase section */

/* Begin PBXGroup section */
		015522961F45F21700C16EA0 /* Swift3.0 教程 */ = {
			isa = PBXGroup;
			children = (
			);
			name = "Swift3.0 教程";
			sourceTree = "<group>";
		};
		01EA73461F3D4B5E003A92F6 = {
			isa = PBXGroup;
			children = (
				015522961F45F21700C16EA0 /* Swift3.0 教程 */,
				01EA73511F3D4B5E003A92F6 /* StruggleSwift */,
				01EA73661F3D4B5E003A92F6 /* StruggleSwiftTests */,
				01EA73711F3D4B5E003A92F6 /* StruggleSwiftUITests */,
				01EA73501F3D4B5E003A92F6 /* Products */,
				0AB2A122A174E1F1AF682903 /* Pods */,
				62FD716F38AD6EF7376B4518 /* Frameworks */,
				01EA73801F3D4D10003A92F6 /* StruggleSwift-Bridging-Header.h */,
			);
			sourceTree = "<group>";
		};
		01EA73501F3D4B5E003A92F6 /* Products */ = {
			isa = PBXGroup;
			children = (
				01EA734F1F3D4B5E003A92F6 /* StruggleSwift.app */,
				01EA73631F3D4B5E003A92F6 /* StruggleSwiftTests.xctest */,
				01EA736E1F3D4B5E003A92F6 /* StruggleSwiftUITests.xctest */,
			);
			name = Products;
			sourceTree = "<group>";
		};
		01EA73511F3D4B5E003A92F6 /* StruggleSwift */ = {
			isa = PBXGroup;
			children = (
				01EA73521F3D4B5E003A92F6 /* AppDelegate.swift */,
				01EA73841F3D4D41003A92F6 /* RootViewController.swift */,
				01F64D421F3FDF57004F8B2C /* 约束 */,
				01F64D431F3FDF70004F8B2C /* LayoutIfNeeds */,
				01F64D4B1F40503B004F8B2C /* Swift基础 */,
				01EA73561F3D4B5E003A92F6 /* Main.storyboard */,
				01EA73591F3D4B5E003A92F6 /* Assets.xcassets */,
				01EA735B1F3D4B5E003A92F6 /* LaunchScreen.storyboard */,
				01EA735E1F3D4B5E003A92F6 /* Info.plist */,
			);
			path = StruggleSwift;
			sourceTree = "<group>";
		};
		01EA73661F3D4B5E003A92F6 /* StruggleSwiftTests */ = {
			isa = PBXGroup;
			children = (
				01EA73671F3D4B5E003A92F6 /* StruggleSwiftTests.swift */,
				01EA73691F3D4B5E003A92F6 /* Info.plist */,
			);
			path = StruggleSwiftTests;
			sourceTree = "<group>";
		};
		01EA73711F3D4B5E003A92F6 /* StruggleSwiftUITests */ = {
			isa = PBXGroup;
			children = (
				01EA73721F3D4B5E003A92F6 /* StruggleSwiftUITests.swift */,
				01EA73741F3D4B5E003A92F6 /* Info.plist */,
			);
			path = StruggleSwiftUITests;
			sourceTree = "<group>";
		};
		01F64D421F3FDF57004F8B2C /* 约束 */ = {
			isa = PBXGroup;
			children = (
				01EA73541F3D4B5E003A92F6 /* ViewController.swift */,
				01EFB51F1F4490DE000121A9 /* chat.png */,
			);
			name = "约束";
			sourceTree = "<group>";
		};
		01F64D431F3FDF70004F8B2C /* LayoutIfNeeds */ = {
			isa = PBXGroup;
			children = (
				01F64D441F3FE1C9004F8B2C /* LayoutViewController.h */,
				01F64D451F3FE1C9004F8B2C /* LayoutViewController.m */,
				01F64D471F3FE2E0004F8B2C /* TestView.h */,
				01F64D481F3FE2E0004F8B2C /* TestView.m */,
			);
			name = LayoutIfNeeds;
			sourceTree = "<group>";
		};
		01F64D4B1F40503B004F8B2C /* Swift基础 */ = {
			isa = PBXGroup;
			children = (
				015522911F45CE7700C16EA0 /* BaseController.swift */,
				01F64D4E1F405159004F8B2C /* TheBasics.swift */,
				01F64D521F4082E7004F8B2C /* Closures.swift */,
				0155228F1F45CBE900C16EA0 /* ClassAndStruct.swift */,
				01EB1E3F1F474E0100418E37 /* Properties.swift */,
				01EB1E421F47F6A600418E37 /* Methods.swift */,
				01EB1E441F4846A400418E37 /* AffiliatedScript.swift */,
				01EB1E461F4856E500418E37 /* Enumeration.swift */,
				01792CEE1F4DC164003B22F9 /* ARC.swift */,
			);
			name = "Swift基础";
			sourceTree = "<group>";
		};
		0AB2A122A174E1F1AF682903 /* Pods */ = {
			isa = PBXGroup;
			children = (
				23D2F86C8C3A7123491CE3CA /* Pods-StruggleSwift.debug.xcconfig */,
				2809A0C99C9AD5265B888182 /* Pods-StruggleSwift.release.xcconfig */,
			);
			name = Pods;
			sourceTree = "<group>";
		};
		62FD716F38AD6EF7376B4518 /* Frameworks */ = {
			isa = PBXGroup;
			children = (
				620F37946A2B1B1B154B5E1F /* Pods_StruggleSwift.framework */,
			);
			name = Frameworks;
			sourceTree = "<group>";
		};
/* End PBXGroup section */

/* Begin PBXNativeTarget section */
		01EA734E1F3D4B5E003A92F6 /* StruggleSwift */ = {
			isa = PBXNativeTarget;
			buildConfigurationList = 01EA73771F3D4B5E003A92F6 /* Build configuration list for PBXNativeTarget "StruggleSwift" */;
			buildPhases = (
				6BF166327FE5860969DFFA4C /* [CP] Check Pods Manifest.lock */,
				01EA734B1F3D4B5E003A92F6 /* Sources */,
				01EA734C1F3D4B5E003A92F6 /* Frameworks */,
				01EA734D1F3D4B5E003A92F6 /* Resources */,
				8E070B17ECC09AEA50BBAB3B /* [CP] Embed Pods Frameworks */,
				8D845262CAD25336721A524B /* [CP] Copy Pods Resources */,
			);
			buildRules = (
			);
			dependencies = (
			);
			name = StruggleSwift;
			productName = StruggleSwift;
			productReference = 01EA734F1F3D4B5E003A92F6 /* StruggleSwift.app */;
			productType = "com.apple.product-type.application";
		};
		01EA73621F3D4B5E003A92F6 /* StruggleSwiftTests */ = {
			isa = PBXNativeTarget;
			buildConfigurationList = 01EA737A1F3D4B5E003A92F6 /* Build configuration list for PBXNativeTarget "StruggleSwiftTests" */;
			buildPhases = (
				01EA735F1F3D4B5E003A92F6 /* Sources */,
				01EA73601F3D4B5E003A92F6 /* Frameworks */,
				01EA73611F3D4B5E003A92F6 /* Resources */,
			);
			buildRules = (
			);
			dependencies = (
				01EA73651F3D4B5E003A92F6 /* PBXTargetDependency */,
			);
			name = StruggleSwiftTests;
			productName = StruggleSwiftTests;
			productReference = 01EA73631F3D4B5E003A92F6 /* StruggleSwiftTests.xctest */;
			productType = "com.apple.product-type.bundle.unit-test";
		};
		01EA736D1F3D4B5E003A92F6 /* StruggleSwiftUITests */ = {
			isa = PBXNativeTarget;
			buildConfigurationList = 01EA737D1F3D4B5E003A92F6 /* Build configuration list for PBXNativeTarget "StruggleSwiftUITests" */;
			buildPhases = (
				01EA736A1F3D4B5E003A92F6 /* Sources */,
				01EA736B1F3D4B5E003A92F6 /* Frameworks */,
				01EA736C1F3D4B5E003A92F6 /* Resources */,
			);
			buildRules = (
			);
			dependencies = (
				01EA73701F3D4B5E003A92F6 /* PBXTargetDependency */,
			);
			name = StruggleSwiftUITests;
			productName = StruggleSwiftUITests;
			productReference = 01EA736E1F3D4B5E003A92F6 /* StruggleSwiftUITests.xctest */;
			productType = "com.apple.product-type.bundle.ui-testing";
		};
/* End PBXNativeTarget section */

/* Begin PBXProject section */
		01EA73471F3D4B5E003A92F6 /* Project object */ = {
			isa = PBXProject;
			attributes = {
				LastSwiftUpdateCheck = 0830;
				LastUpgradeCheck = 0830;
				ORGANIZATIONNAME = HuangGang;
				TargetAttributes = {
					01EA734E1F3D4B5E003A92F6 = {
						CreatedOnToolsVersion = 8.3.3;
						LastSwiftMigration = 0830;
						ProvisioningStyle = Automatic;
					};
					01EA73621F3D4B5E003A92F6 = {
						CreatedOnToolsVersion = 8.3.3;
						ProvisioningStyle = Automatic;
						TestTargetID = 01EA734E1F3D4B5E003A92F6;
					};
					01EA736D1F3D4B5E003A92F6 = {
						CreatedOnToolsVersion = 8.3.3;
						ProvisioningStyle = Automatic;
						TestTargetID = 01EA734E1F3D4B5E003A92F6;
					};
				};
			};
			buildConfigurationList = 01EA734A1F3D4B5E003A92F6 /* Build configuration list for PBXProject "StruggleSwift" */;
			compatibilityVersion = "Xcode 3.2";
			developmentRegion = English;
			hasScannedForEncodings = 0;
			knownRegions = (
				en,
				Base,
			);
			mainGroup = 01EA73461F3D4B5E003A92F6;
			productRefGroup = 01EA73501F3D4B5E003A92F6 /* Products */;
			projectDirPath = "";
			projectRoot = "";
			targets = (
				01EA734E1F3D4B5E003A92F6 /* StruggleSwift */,
				01EA73621F3D4B5E003A92F6 /* StruggleSwiftTests */,
				01EA736D1F3D4B5E003A92F6 /* StruggleSwiftUITests */,
			);
		};
/* End PBXProject section */

/* Begin PBXResourcesBuildPhase section */
		01EA734D1F3D4B5E003A92F6 /* Resources */ = {
			isa = PBXResourcesBuildPhase;
			buildActionMask = 2147483647;
			files = (
				01EA735D1F3D4B5E003A92F6 /* LaunchScreen.storyboard in Resources */,
				01EA735A1F3D4B5E003A92F6 /* Assets.xcassets in Resources */,
				01EA73581F3D4B5E003A92F6 /* Main.storyboard in Resources */,
				01EFB5201F4490DE000121A9 /* chat.png in Resources */,
			);
			runOnlyForDeploymentPostprocessing = 0;
		};
		01EA73611F3D4B5E003A92F6 /* Resources */ = {
			isa = PBXResourcesBuildPhase;
			buildActionMask = 2147483647;
			files = (
			);
			runOnlyForDeploymentPostprocessing = 0;
		};
		01EA736C1F3D4B5E003A92F6 /* Resources */ = {
			isa = PBXResourcesBuildPhase;
			buildActionMask = 2147483647;
			files = (
			);
			runOnlyForDeploymentPostprocessing = 0;
		};
/* End PBXResourcesBuildPhase section */

/* Begin PBXShellScriptBuildPhase section */
		6BF166327FE5860969DFFA4C /* [CP] Check Pods Manifest.lock */ = {
			isa = PBXShellScriptBuildPhase;
			buildActionMask = 2147483647;
			files = (
			);
			inputPaths = (
				"${PODS_PODFILE_DIR_PATH}/Podfile.lock",
				"${PODS_ROOT}/Manifest.lock",
			);
			name = "[CP] Check Pods Manifest.lock";
			outputPaths = (
				"$(DERIVED_FILE_DIR)/Pods-StruggleSwift-checkManifestLockResult.txt",
			);
			runOnlyForDeploymentPostprocessing = 0;
			shellPath = /bin/sh;
			shellScript = "diff \"${PODS_PODFILE_DIR_PATH}/Podfile.lock\" \"${PODS_ROOT}/Manifest.lock\" > /dev/null\nif [ $? != 0 ] ; then\n    # print error to STDERR\n    echo \"error: The sandbox is not in sync with the Podfile.lock. Run 'pod install' or update your CocoaPods installation.\" >&2\n    exit 1\nfi\n# This output is used by Xcode 'outputs' to avoid re-running this script phase.\necho \"SUCCESS\" > \"${SCRIPT_OUTPUT_FILE_0}\"\n";
			showEnvVarsInLog = 0;
		};
		8D845262CAD25336721A524B /* [CP] Copy Pods Resources */ = {
			isa = PBXShellScriptBuildPhase;
			buildActionMask = 2147483647;
			files = (
			);
			inputPaths = (
			);
			name = "[CP] Copy Pods Resources";
			outputPaths = (
			);
			runOnlyForDeploymentPostprocessing = 0;
			shellPath = /bin/sh;
			shellScript = "\"${SRCROOT}/Pods/Target Support Files/Pods-StruggleSwift/Pods-StruggleSwift-resources.sh\"\n";
			showEnvVarsInLog = 0;
		};
		8E070B17ECC09AEA50BBAB3B /* [CP] Embed Pods Frameworks */ = {
			isa = PBXShellScriptBuildPhase;
			buildActionMask = 2147483647;
			files = (
			);
			inputPaths = (
				"${SRCROOT}/Pods/Target Support Files/Pods-StruggleSwift/Pods-StruggleSwift-frameworks.sh",
				"${BUILT_PRODUCTS_DIR}/SnapKit/SnapKit.framework",
			);
			name = "[CP] Embed Pods Frameworks";
			outputPaths = (
				"${TARGET_BUILD_DIR}/${FRAMEWORKS_FOLDER_PATH}/SnapKit.framework",
			);
			runOnlyForDeploymentPostprocessing = 0;
			shellPath = /bin/sh;
			shellScript = "\"${SRCROOT}/Pods/Target Support Files/Pods-StruggleSwift/Pods-StruggleSwift-frameworks.sh\"\n";
			showEnvVarsInLog = 0;
		};
/* End PBXShellScriptBuildPhase section */

/* Begin PBXSourcesBuildPhase section */
		01EA734B1F3D4B5E003A92F6 /* Sources */ = {
			isa = PBXSourcesBuildPhase;
			buildActionMask = 2147483647;
			files = (
				01EA73551F3D4B5E003A92F6 /* ViewController.swift in Sources */,
				01EB1E471F4856E500418E37 /* Enumeration.swift in Sources */,
				015522921F45CE7700C16EA0 /* BaseController.swift in Sources */,
				01F64D531F4082E7004F8B2C /* Closures.swift in Sources */,
				01EB1E451F4846A400418E37 /* AffiliatedScript.swift in Sources */,
				01EA73531F3D4B5E003A92F6 /* AppDelegate.swift in Sources */,
				01F64D491F3FE2E0004F8B2C /* TestView.m in Sources */,
				01F64D461F3FE1C9004F8B2C /* LayoutViewController.m in Sources */,
				015522901F45CBE900C16EA0 /* ClassAndStruct.swift in Sources */,
				01EB1E431F47F6A600418E37 /* Methods.swift in Sources */,
				01F64D4F1F405159004F8B2C /* TheBasics.swift in Sources */,
				01EB1E401F474E0100418E37 /* Properties.swift in Sources */,
				01792CEF1F4DC164003B22F9 /* ARC.swift in Sources */,
				01EA73851F3D4D41003A92F6 /* RootViewController.swift in Sources */,
			);
			runOnlyForDeploymentPostprocessing = 0;
		};
		01EA735F1F3D4B5E003A92F6 /* Sources */ = {
			isa = PBXSourcesBuildPhase;
			buildActionMask = 2147483647;
			files = (
				01EA73681F3D4B5E003A92F6 /* StruggleSwiftTests.swift in Sources */,
			);
			runOnlyForDeploymentPostprocessing = 0;
		};
		01EA736A1F3D4B5E003A92F6 /* Sources */ = {
			isa = PBXSourcesBuildPhase;
			buildActionMask = 2147483647;
			files = (
				01EA73731F3D4B5E003A92F6 /* StruggleSwiftUITests.swift in Sources */,
			);
			runOnlyForDeploymentPostprocessing = 0;
		};
/* End PBXSourcesBuildPhase section */

/* Begin PBXTargetDependency section */
		01EA73651F3D4B5E003A92F6 /* PBXTargetDependency */ = {
			isa = PBXTargetDependency;
			target = 01EA734E1F3D4B5E003A92F6 /* StruggleSwift */;
			targetProxy = 01EA73641F3D4B5E003A92F6 /* PBXContainerItemProxy */;
		};
		01EA73701F3D4B5E003A92F6 /* PBXTargetDependency */ = {
			isa = PBXTargetDependency;
			target = 01EA734E1F3D4B5E003A92F6 /* StruggleSwift */;
			targetProxy = 01EA736F1F3D4B5E003A92F6 /* PBXContainerItemProxy */;
		};
/* End PBXTargetDependency section */

/* Begin PBXVariantGroup section */
		01EA73561F3D4B5E003A92F6 /* Main.storyboard */ = {
			isa = PBXVariantGroup;
			children = (
				01EA73571F3D4B5E003A92F6 /* Base */,
			);
			name = Main.storyboard;
			sourceTree = "<group>";
		};
		01EA735B1F3D4B5E003A92F6 /* LaunchScreen.storyboard */ = {
			isa = PBXVariantGroup;
			children = (
				01EA735C1F3D4B5E003A92F6 /* Base */,
			);
			name = LaunchScreen.storyboard;
			sourceTree = "<group>";
		};
/* End PBXVariantGroup section */

/* Begin XCBuildConfiguration section */
		01EA73751F3D4B5E003A92F6 /* Debug */ = {
			isa = XCBuildConfiguration;
			buildSettings = {
				ALWAYS_SEARCH_USER_PATHS = NO;
				CLANG_ANALYZER_NONNULL = YES;
				CLANG_ANALYZER_NUMBER_OBJECT_CONVERSION = YES_AGGRESSIVE;
				CLANG_CXX_LANGUAGE_STANDARD = "gnu++0x";
				CLANG_CXX_LIBRARY = "libc++";
				CLANG_ENABLE_MODULES = YES;
				CLANG_ENABLE_OBJC_ARC = YES;
				CLANG_WARN_BOOL_CONVERSION = YES;
				CLANG_WARN_CONSTANT_CONVERSION = YES;
				CLANG_WARN_DIRECT_OBJC_ISA_USAGE = YES_ERROR;
				CLANG_WARN_DOCUMENTATION_COMMENTS = YES;
				CLANG_WARN_EMPTY_BODY = YES;
				CLANG_WARN_ENUM_CONVERSION = YES;
				CLANG_WARN_INFINITE_RECURSION = YES;
				CLANG_WARN_INT_CONVERSION = YES;
				CLANG_WARN_OBJC_ROOT_CLASS = YES_ERROR;
				CLANG_WARN_SUSPICIOUS_MOVE = YES;
				CLANG_WARN_UNREACHABLE_CODE = YES;
				CLANG_WARN__DUPLICATE_METHOD_MATCH = YES;
				"CODE_SIGN_IDENTITY[sdk=iphoneos*]" = "iPhone Developer";
				COPY_PHASE_STRIP = NO;
				DEBUG_INFORMATION_FORMAT = dwarf;
				ENABLE_STRICT_OBJC_MSGSEND = YES;
				ENABLE_TESTABILITY = YES;
				GCC_C_LANGUAGE_STANDARD = gnu99;
				GCC_DYNAMIC_NO_PIC = NO;
				GCC_NO_COMMON_BLOCKS = YES;
				GCC_OPTIMIZATION_LEVEL = 0;
				GCC_PREPROCESSOR_DEFINITIONS = (
					"DEBUG=1",
					"$(inherited)",
				);
				GCC_WARN_64_TO_32_BIT_CONVERSION = YES;
				GCC_WARN_ABOUT_RETURN_TYPE = YES_ERROR;
				GCC_WARN_UNDECLARED_SELECTOR = YES;
				GCC_WARN_UNINITIALIZED_AUTOS = YES_AGGRESSIVE;
				GCC_WARN_UNUSED_FUNCTION = YES;
				GCC_WARN_UNUSED_VARIABLE = YES;
				IPHONEOS_DEPLOYMENT_TARGET = 10.3;
				MTL_ENABLE_DEBUG_INFO = YES;
				ONLY_ACTIVE_ARCH = YES;
				SDKROOT = iphoneos;
				SWIFT_ACTIVE_COMPILATION_CONDITIONS = DEBUG;
				SWIFT_OPTIMIZATION_LEVEL = "-Onone";
				TARGETED_DEVICE_FAMILY = "1,2";
			};
			name = Debug;
		};
		01EA73761F3D4B5E003A92F6 /* Release */ = {
			isa = XCBuildConfiguration;
			buildSettings = {
				ALWAYS_SEARCH_USER_PATHS = NO;
				CLANG_ANALYZER_NONNULL = YES;
				CLANG_ANALYZER_NUMBER_OBJECT_CONVERSION = YES_AGGRESSIVE;
				CLANG_CXX_LANGUAGE_STANDARD = "gnu++0x";
				CLANG_CXX_LIBRARY = "libc++";
				CLANG_ENABLE_MODULES = YES;
				CLANG_ENABLE_OBJC_ARC = YES;
				CLANG_WARN_BOOL_CONVERSION = YES;
				CLANG_WARN_CONSTANT_CONVERSION = YES;
				CLANG_WARN_DIRECT_OBJC_ISA_USAGE = YES_ERROR;
				CLANG_WARN_DOCUMENTATION_COMMENTS = YES;
				CLANG_WARN_EMPTY_BODY = YES;
				CLANG_WARN_ENUM_CONVERSION = YES;
				CLANG_WARN_INFINITE_RECURSION = YES;
				CLANG_WARN_INT_CONVERSION = YES;
				CLANG_WARN_OBJC_ROOT_CLASS = YES_ERROR;
				CLANG_WARN_SUSPICIOUS_MOVE = YES;
				CLANG_WARN_UNREACHABLE_CODE = YES;
				CLANG_WARN__DUPLICATE_METHOD_MATCH = YES;
				"CODE_SIGN_IDENTITY[sdk=iphoneos*]" = "iPhone Developer";
				COPY_PHASE_STRIP = NO;
				DEBUG_INFORMATION_FORMAT = "dwarf-with-dsym";
				ENABLE_NS_ASSERTIONS = NO;
				ENABLE_STRICT_OBJC_MSGSEND = YES;
				GCC_C_LANGUAGE_STANDARD = gnu99;
				GCC_NO_COMMON_BLOCKS = YES;
				GCC_WARN_64_TO_32_BIT_CONVERSION = YES;
				GCC_WARN_ABOUT_RETURN_TYPE = YES_ERROR;
				GCC_WARN_UNDECLARED_SELECTOR = YES;
				GCC_WARN_UNINITIALIZED_AUTOS = YES_AGGRESSIVE;
				GCC_WARN_UNUSED_FUNCTION = YES;
				GCC_WARN_UNUSED_VARIABLE = YES;
				IPHONEOS_DEPLOYMENT_TARGET = 10.3;
				MTL_ENABLE_DEBUG_INFO = NO;
				SDKROOT = iphoneos;
				SWIFT_OPTIMIZATION_LEVEL = "-Owholemodule";
				TARGETED_DEVICE_FAMILY = "1,2";
				VALIDATE_PRODUCT = YES;
			};
			name = Release;
		};
		01EA73781F3D4B5E003A92F6 /* Debug */ = {
			isa = XCBuildConfiguration;
			baseConfigurationReference = 23D2F86C8C3A7123491CE3CA /* Pods-StruggleSwift.debug.xcconfig */;
			buildSettings = {
				ASSETCATALOG_COMPILER_APPICON_NAME = AppIcon;
				CLANG_ENABLE_MODULES = YES;
				INFOPLIST_FILE = StruggleSwift/Info.plist;
				LD_RUNPATH_SEARCH_PATHS = "$(inherited) @executable_path/Frameworks";
				PRODUCT_BUNDLE_IDENTIFIER = HongBeiXin.StruggleSwift;
				PRODUCT_NAME = "$(TARGET_NAME)";
				SWIFT_OBJC_BRIDGING_HEADER = "StruggleSwift-Bridging-Header.h";
				SWIFT_OPTIMIZATION_LEVEL = "-Onone";
				SWIFT_VERSION = 3.0;
			};
			name = Debug;
		};
		01EA73791F3D4B5E003A92F6 /* Release */ = {
			isa = XCBuildConfiguration;
			baseConfigurationReference = 2809A0C99C9AD5265B888182 /* Pods-StruggleSwift.release.xcconfig */;
			buildSettings = {
				ASSETCATALOG_COMPILER_APPICON_NAME = AppIcon;
				CLANG_ENABLE_MODULES = YES;
				INFOPLIST_FILE = StruggleSwift/Info.plist;
				LD_RUNPATH_SEARCH_PATHS = "$(inherited) @executable_path/Frameworks";
				PRODUCT_BUNDLE_IDENTIFIER = HongBeiXin.StruggleSwift;
				PRODUCT_NAME = "$(TARGET_NAME)";
				SWIFT_OBJC_BRIDGING_HEADER = "StruggleSwift-Bridging-Header.h";
				SWIFT_VERSION = 3.0;
			};
			name = Release;
		};
		01EA737B1F3D4B5E003A92F6 /* Debug */ = {
			isa = XCBuildConfiguration;
			buildSettings = {
				ALWAYS_EMBED_SWIFT_STANDARD_LIBRARIES = YES;
				BUNDLE_LOADER = "$(TEST_HOST)";
				INFOPLIST_FILE = StruggleSwiftTests/Info.plist;
				LD_RUNPATH_SEARCH_PATHS = "$(inherited) @executable_path/Frameworks @loader_path/Frameworks";
				PRODUCT_BUNDLE_IDENTIFIER = HongBeiXin.StruggleSwiftTests;
				PRODUCT_NAME = "$(TARGET_NAME)";
				SWIFT_VERSION = 3.0;
				TEST_HOST = "$(BUILT_PRODUCTS_DIR)/StruggleSwift.app/StruggleSwift";
			};
			name = Debug;
		};
		01EA737C1F3D4B5E003A92F6 /* Release */ = {
			isa = XCBuildConfiguration;
			buildSettings = {
				ALWAYS_EMBED_SWIFT_STANDARD_LIBRARIES = YES;
				BUNDLE_LOADER = "$(TEST_HOST)";
				INFOPLIST_FILE = StruggleSwiftTests/Info.plist;
				LD_RUNPATH_SEARCH_PATHS = "$(inherited) @executable_path/Frameworks @loader_path/Frameworks";
				PRODUCT_BUNDLE_IDENTIFIER = HongBeiXin.StruggleSwiftTests;
				PRODUCT_NAME = "$(TARGET_NAME)";
				SWIFT_VERSION = 3.0;
				TEST_HOST = "$(BUILT_PRODUCTS_DIR)/StruggleSwift.app/StruggleSwift";
			};
			name = Release;
		};
		01EA737E1F3D4B5E003A92F6 /* Debug */ = {
			isa = XCBuildConfiguration;
			buildSettings = {
				ALWAYS_EMBED_SWIFT_STANDARD_LIBRARIES = YES;
				INFOPLIST_FILE = StruggleSwiftUITests/Info.plist;
				LD_RUNPATH_SEARCH_PATHS = "$(inherited) @executable_path/Frameworks @loader_path/Frameworks";
				PRODUCT_BUNDLE_IDENTIFIER = HongBeiXin.StruggleSwiftUITests;
				PRODUCT_NAME = "$(TARGET_NAME)";
				SWIFT_VERSION = 3.0;
				TEST_TARGET_NAME = StruggleSwift;
			};
			name = Debug;
		};
		01EA737F1F3D4B5E003A92F6 /* Release */ = {
			isa = XCBuildConfiguration;
			buildSettings = {
				ALWAYS_EMBED_SWIFT_STANDARD_LIBRARIES = YES;
				INFOPLIST_FILE = StruggleSwiftUITests/Info.plist;
				LD_RUNPATH_SEARCH_PATHS = "$(inherited) @executable_path/Frameworks @loader_path/Frameworks";
				PRODUCT_BUNDLE_IDENTIFIER = HongBeiXin.StruggleSwiftUITests;
				PRODUCT_NAME = "$(TARGET_NAME)";
				SWIFT_VERSION = 3.0;
				TEST_TARGET_NAME = StruggleSwift;
			};
			name = Release;
		};
/* End XCBuildConfiguration section */

/* Begin XCConfigurationList section */
		01EA734A1F3D4B5E003A92F6 /* Build configuration list for PBXProject "StruggleSwift" */ = {
			isa = XCConfigurationList;
			buildConfigurations = (
				01EA73751F3D4B5E003A92F6 /* Debug */,
				01EA73761F3D4B5E003A92F6 /* Release */,
			);
			defaultConfigurationIsVisible = 0;
			defaultConfigurationName = Release;
		};
		01EA73771F3D4B5E003A92F6 /* Build configuration list for PBXNativeTarget "StruggleSwift" */ = {
			isa = XCConfigurationList;
			buildConfigurations = (
				01EA73781F3D4B5E003A92F6 /* Debug */,
				01EA73791F3D4B5E003A92F6 /* Release */,
			);
			defaultConfigurationIsVisible = 0;
			defaultConfigurationName = Release;
		};
		01EA737A1F3D4B5E003A92F6 /* Build configuration list for PBXNativeTarget "StruggleSwiftTests" */ = {
			isa = XCConfigurationList;
			buildConfigurations = (
				01EA737B1F3D4B5E003A92F6 /* Debug */,
				01EA737C1F3D4B5E003A92F6 /* Release */,
			);
			defaultConfigurationIsVisible = 0;
			defaultConfigurationName = Release;
		};
		01EA737D1F3D4B5E003A92F6 /* Build configuration list for PBXNativeTarget "StruggleSwiftUITests" */ = {
			isa = XCConfigurationList;
			buildConfigurations = (
				01EA737E1F3D4B5E003A92F6 /* Debug */,
				01EA737F1F3D4B5E003A92F6 /* Release */,
			);
			defaultConfigurationIsVisible = 0;
			defaultConfigurationName = Release;
		};
/* End XCConfigurationList section */
	};
	rootObject = 01EA73471F3D4B5E003A92F6 /* Project object */;
}
